
Microsoft Visual Studio Solution File, Format Version 12.00
# Visual Studio 15
VisualStudioVersion = 15.0.26124.0
MinimumVisualStudioVersion = 15.0.26124.0
Project("{FAE04EC0-301F-11D3-BF4B-00C04F79EFBC}") = "SenseHome.API", "src\SenseHome.API\SenseHome.API.csproj", "{AAD99F95-62BC-4522-97C6-1DC5A990A2DF}"
EndProject
Project("{FAE04EC0-301F-11D3-BF4B-00C04F79EFBC}") = "SenseHome.Repositories", "src\SenseHome.Repositories\SenseHome.Repositories.csproj", "{AF775D4D-0C90-401B-8B6E-C40066728B5E}"
EndProject
Project("{FAE04EC0-301F-11D3-BF4B-00C04F79EFBC}") = "SenseHome.Services", "src\SenseHome.Services\SenseHome.Services.csproj", "{E51F57AF-7FB7-4AA0-847D-42FC3CEB5DEC}"
EndProject
Global
	GlobalSection(SolutionConfigurationPlatforms) = preSolution
		Debug|Any CPU = Debug|Any CPU
		Debug|x64 = Debug|x64
		Debug|x86 = Debug|x86
		Release|Any CPU = Release|Any CPU
		Release|x64 = Release|x64
		Release|x86 = Release|x86
	EndGlobalSection
	GlobalSection(SolutionProperties) = preSolution
		HideSolutionNode = FALSE
	EndGlobalSection
	GlobalSection(ProjectConfigurationPlatforms) = postSolution
		{AAD99F95-62BC-4522-97C6-1DC5A990A2DF}.Debug|Any CPU.ActiveCfg = Debug|Any CPU
		{AAD99F95-62BC-4522-97C6-1DC5A990A2DF}.Debug|Any CPU.Build.0 = Debug|Any CPU
		{AAD99F95-62BC-4522-97C6-1DC5A990A2DF}.Debug|x64.ActiveCfg = Debug|Any CPU
		{AAD99F95-62BC-4522-97C6-1DC5A990A2DF}.Debug|x64.Build.0 = Debug|Any CPU
		{AAD99F95-62BC-4522-97C6-1DC5A990A2DF}.Debug|x86.ActiveCfg = Debug|Any CPU
		{AAD99F95-62BC-4522-97C6-1DC5A990A2DF}.Debug|x86.Build.0 = Debug|Any CPU
		{AAD99F95-62BC-4522-97C6-1DC5A990A2DF}.Release|Any CPU.ActiveCfg = Release|Any CPU
		{AAD99F95-62BC-4522-97C6-1DC5A990A2DF}.Release|Any CPU.Build.0 = Release|Any CPU
		{AAD99F95-62BC-4522-97C6-1DC5A990A2DF}.Release|x64.ActiveCfg = Release|Any CPU
		{AAD99F95-62BC-4522-97C6-1DC5A990A2DF}.Release|x64.Build.0 = Release|Any CPU
		{AAD99F95-62BC-4522-97C6-1DC5A990A2DF}.Release|x86.ActiveCfg = Release|Any CPU
		{AAD99F95-62BC-4522-97C6-1DC5A990A2DF}.Release|x86.Build.0 = Release|Any CPU
		{AF775D4D-0C90-401B-8B6E-C40066728B5E}.Debug|Any CPU.ActiveCfg = Debug|Any CPU
		{AF775D4D-0C90-401B-8B6E-C40066728B5E}.Debug|Any CPU.Build.0 = Debug|Any CPU
		{AF775D4D-0C90-401B-8B6E-C40066728B5E}.Debug|x64.ActiveCfg = Debug|Any CPU
		{AF775D4D-0C90-401B-8B6E-C40066728B5E}.Debug|x64.Build.0 = Debug|Any CPU
		{AF775D4D-0C90-401B-8B6E-C40066728B5E}.Debug|x86.ActiveCfg = Debug|Any CPU
		{AF775D4D-0C90-401B-8B6E-C40066728B5E}.Debug|x86.Build.0 = Debug|Any CPU
		{AF775D4D-0C90-401B-8B6E-C40066728B5E}.Release|Any CPU.ActiveCfg = Release|Any CPU
		{AF775D4D-0C90-401B-8B6E-C40066728B5E}.Release|Any CPU.Build.0 = Release|Any CPU
		{AF775D4D-0C90-401B-8B6E-C40066728B5E}.Release|x64.ActiveCfg = Release|Any CPU
		{AF775D4D-0C90-401B-8B6E-C40066728B5E}.Release|x64.Build.0 = Release|Any CPU
		{AF775D4D-0C90-401B-8B6E-C40066728B5E}.Release|x86.ActiveCfg = Release|Any CPU
		{AF775D4D-0C90-401B-8B6E-C40066728B5E}.Release|x86.Build.0 = Release|Any CPU
		{E51F57AF-7FB7-4AA0-847D-42FC3CEB5DEC}.Debug|Any CPU.ActiveCfg = Debug|Any CPU
		{E51F57AF-7FB7-4AA0-847D-42FC3CEB5DEC}.Debug|Any CPU.Build.0 = Debug|Any CPU
		{E51F57AF-7FB7-4AA0-847D-42FC3CEB5DEC}.Debug|x64.ActiveCfg = Debug|Any CPU
		{E51F57AF-7FB7-4AA0-847D-42FC3CEB5DEC}.Debug|x64.Build.0 = Debug|Any CPU
		{E51F57AF-7FB7-4AA0-847D-42FC3CEB5DEC}.Debug|x86.ActiveCfg = Debug|Any CPU
		{E51F57AF-7FB7-4AA0-847D-42FC3CEB5DEC}.Debug|x86.Build.0 = Debug|Any CPU
		{E51F57AF-7FB7-4AA0-847D-42FC3CEB5DEC}.Release|Any CPU.ActiveCfg = Release|Any CPU
		{E51F57AF-7FB7-4AA0-847D-42FC3CEB5DEC}.Release|Any CPU.Build.0 = Release|Any CPU
		{E51F57AF-7FB7-4AA0-847D-42FC3CEB5DEC}.Release|x64.ActiveCfg = Release|Any CPU
		{E51F57AF-7FB7-4AA0-847D-42FC3CEB5DEC}.Release|x64.Build.0 = Release|Any CPU
		{E51F57AF-7FB7-4AA0-847D-42FC3CEB5DEC}.Release|x86.ActiveCfg = Release|Any CPU
		{E51F57AF-7FB7-4AA0-847D-42FC3CEB5DEC}.Release|x86.Build.0 = Release|Any CPU
	EndGlobalSection
EndGlobal
