
Microsoft Visual Studio Solution File, Format Version 12.00
# Visual Studio 15
VisualStudioVersion = 15.0.26124.0
MinimumVisualStudioVersion = 15.0.26124.0
Project("{FAE04EC0-301F-11D3-BF4B-00C04F79EFBC}") = "SenseHome.Repositories", "src\SenseHome.Repositories\SenseHome.Repositories.csproj", "{ECCD5081-B688-4018-81CD-6120C4FB6EDC}"
EndProject
Project("{FAE04EC0-301F-11D3-BF4B-00C04F79EFBC}") = "SenseHome.API", "src\SenseHome.API\SenseHome.API.csproj", "{AAD99F95-62BC-4522-97C6-1DC5A990A2DF}"
EndProject
Project("{FAE04EC0-301F-11D3-BF4B-00C04F79EFBC}") = "SenseHome.Services", "src\SenseHome.Services\SenseHome.Services.csproj", "{E63E7CF5-1868-4324-9324-7C2F4F69FD11}"
EndProject
Project("{FAE04EC0-301F-11D3-BF4B-00C04F79EFBC}") = "SenseHome.DomainModels", "src\SenseHome.DomainModels\SenseHome.DomainModels.csproj", "{22A95ABA-F062-46CA-8AA1-62B213B7FD1F}"
EndProject
Global
	GlobalSection(SolutionConfigurationPlatforms) = preSolution
		Debug|Any CPU = Debug|Any CPU
		Debug|x64 = Debug|x64
		Debug|x86 = Debug|x86
		Release|Any CPU = Release|Any CPU
		Release|x64 = Release|x64
		Release|x86 = Release|x86
	EndGlobalSection
	GlobalSection(SolutionProperties) = preSolution
		HideSolutionNode = FALSE
	EndGlobalSection
	GlobalSection(ProjectConfigurationPlatforms) = postSolution
		{ECCD5081-B688-4018-81CD-6120C4FB6EDC}.Debug|Any CPU.ActiveCfg = Debug|Any CPU
		{ECCD5081-B688-4018-81CD-6120C4FB6EDC}.Debug|Any CPU.Build.0 = Debug|Any CPU
		{ECCD5081-B688-4018-81CD-6120C4FB6EDC}.Debug|x64.ActiveCfg = Debug|Any CPU
		{ECCD5081-B688-4018-81CD-6120C4FB6EDC}.Debug|x64.Build.0 = Debug|Any CPU
		{ECCD5081-B688-4018-81CD-6120C4FB6EDC}.Debug|x86.ActiveCfg = Debug|Any CPU
		{ECCD5081-B688-4018-81CD-6120C4FB6EDC}.Debug|x86.Build.0 = Debug|Any CPU
		{ECCD5081-B688-4018-81CD-6120C4FB6EDC}.Release|Any CPU.ActiveCfg = Release|Any CPU
		{ECCD5081-B688-4018-81CD-6120C4FB6EDC}.Release|Any CPU.Build.0 = Release|Any CPU
		{ECCD5081-B688-4018-81CD-6120C4FB6EDC}.Release|x64.ActiveCfg = Release|Any CPU
		{ECCD5081-B688-4018-81CD-6120C4FB6EDC}.Release|x64.Build.0 = Release|Any CPU
		{ECCD5081-B688-4018-81CD-6120C4FB6EDC}.Release|x86.ActiveCfg = Release|Any CPU
		{ECCD5081-B688-4018-81CD-6120C4FB6EDC}.Release|x86.Build.0 = Release|Any CPU
		{AAD99F95-62BC-4522-97C6-1DC5A990A2DF}.Debug|Any CPU.ActiveCfg = Debug|Any CPU
		{AAD99F95-62BC-4522-97C6-1DC5A990A2DF}.Debug|Any CPU.Build.0 = Debug|Any CPU
		{AAD99F95-62BC-4522-97C6-1DC5A990A2DF}.Debug|x64.ActiveCfg = Debug|Any CPU
		{AAD99F95-62BC-4522-97C6-1DC5A990A2DF}.Debug|x64.Build.0 = Debug|Any CPU
		{AAD99F95-62BC-4522-97C6-1DC5A990A2DF}.Debug|x86.ActiveCfg = Debug|Any CPU
		{AAD99F95-62BC-4522-97C6-1DC5A990A2DF}.Debug|x86.Build.0 = Debug|Any CPU
		{AAD99F95-62BC-4522-97C6-1DC5A990A2DF}.Release|Any CPU.ActiveCfg = Release|Any CPU
		{AAD99F95-62BC-4522-97C6-1DC5A990A2DF}.Release|Any CPU.Build.0 = Release|Any CPU
		{AAD99F95-62BC-4522-97C6-1DC5A990A2DF}.Release|x64.ActiveCfg = Release|Any CPU
		{AAD99F95-62BC-4522-97C6-1DC5A990A2DF}.Release|x64.Build.0 = Release|Any CPU
		{AAD99F95-62BC-4522-97C6-1DC5A990A2DF}.Release|x86.ActiveCfg = Release|Any CPU
		{AAD99F95-62BC-4522-97C6-1DC5A990A2DF}.Release|x86.Build.0 = Release|Any CPU
		{E63E7CF5-1868-4324-9324-7C2F4F69FD11}.Debug|Any CPU.ActiveCfg = Debug|Any CPU
		{E63E7CF5-1868-4324-9324-7C2F4F69FD11}.Debug|Any CPU.Build.0 = Debug|Any CPU
		{E63E7CF5-1868-4324-9324-7C2F4F69FD11}.Debug|x64.ActiveCfg = Debug|Any CPU
		{E63E7CF5-1868-4324-9324-7C2F4F69FD11}.Debug|x64.Build.0 = Debug|Any CPU
		{E63E7CF5-1868-4324-9324-7C2F4F69FD11}.Debug|x86.ActiveCfg = Debug|Any CPU
		{E63E7CF5-1868-4324-9324-7C2F4F69FD11}.Debug|x86.Build.0 = Debug|Any CPU
		{E63E7CF5-1868-4324-9324-7C2F4F69FD11}.Release|Any CPU.ActiveCfg = Release|Any CPU
		{E63E7CF5-1868-4324-9324-7C2F4F69FD11}.Release|Any CPU.Build.0 = Release|Any CPU
		{E63E7CF5-1868-4324-9324-7C2F4F69FD11}.Release|x64.ActiveCfg = Release|Any CPU
		{E63E7CF5-1868-4324-9324-7C2F4F69FD11}.Release|x64.Build.0 = Release|Any CPU
		{E63E7CF5-1868-4324-9324-7C2F4F69FD11}.Release|x86.ActiveCfg = Release|Any CPU
		{E63E7CF5-1868-4324-9324-7C2F4F69FD11}.Release|x86.Build.0 = Release|Any CPU
		{22A95ABA-F062-46CA-8AA1-62B213B7FD1F}.Debug|Any CPU.ActiveCfg = Debug|Any CPU
		{22A95ABA-F062-46CA-8AA1-62B213B7FD1F}.Debug|Any CPU.Build.0 = Debug|Any CPU
		{22A95ABA-F062-46CA-8AA1-62B213B7FD1F}.Debug|x64.ActiveCfg = Debug|Any CPU
		{22A95ABA-F062-46CA-8AA1-62B213B7FD1F}.Debug|x64.Build.0 = Debug|Any CPU
		{22A95ABA-F062-46CA-8AA1-62B213B7FD1F}.Debug|x86.ActiveCfg = Debug|Any CPU
		{22A95ABA-F062-46CA-8AA1-62B213B7FD1F}.Debug|x86.Build.0 = Debug|Any CPU
		{22A95ABA-F062-46CA-8AA1-62B213B7FD1F}.Release|Any CPU.ActiveCfg = Release|Any CPU
		{22A95ABA-F062-46CA-8AA1-62B213B7FD1F}.Release|Any CPU.Build.0 = Release|Any CPU
		{22A95ABA-F062-46CA-8AA1-62B213B7FD1F}.Release|x64.ActiveCfg = Release|Any CPU
		{22A95ABA-F062-46CA-8AA1-62B213B7FD1F}.Release|x64.Build.0 = Release|Any CPU
		{22A95ABA-F062-46CA-8AA1-62B213B7FD1F}.Release|x86.ActiveCfg = Release|Any CPU
		{22A95ABA-F062-46CA-8AA1-62B213B7FD1F}.Release|x86.Build.0 = Release|Any CPU
	EndGlobalSection
EndGlobal
